
Microsoft Visual Studio Solution File, Format Version 12.00
# Visual Studio Version 17
VisualStudioVersion = 17.8.34408.163
MinimumVisualStudioVersion = 10.0.40219.1
Project("{9A19103F-16F7-4668-BE54-9A1E7A4F7556}") = "DVSRegister", "DVSRegister\DVSRegister.csproj", "{A8E6FC93-3CAE-4FF7-932B-D2DE23328AD2}"
EndProject
Project("{9A19103F-16F7-4668-BE54-9A1E7A4F7556}") = "DVSRegister.BusinessLogic", "DVSRegister.BusinessLogic\DVSRegister.BusinessLogic.csproj", "{067C6ABA-7DD4-41E1-8BBB-60C868A8C6E6}"
EndProject
Project("{9A19103F-16F7-4668-BE54-9A1E7A4F7556}") = "DVSRegister.Data", "DVSRegister.Data\DVSRegister.Data.csproj", "{B29487D3-DB5D-4561-8135-247D6B75B36D}"
EndProject
Project("{9A19103F-16F7-4668-BE54-9A1E7A4F7556}") = "DVSRegister.UnitTests", "DVSRegister.UnitTests\DVSRegister.UnitTests.csproj", "{3319CBCA-E38A-43D1-9E7E-ADE2AE6483AC}"
EndProject
Project("{9A19103F-16F7-4668-BE54-9A1E7A4F7556}") = "DVSRegister.CommonUtility", "DVSRegister.CommonUtility\DVSRegister.CommonUtility.csproj", "{ABDD8283-1B81-4D5C-898E-59E338976411}"
EndProject
Project("{FAE04EC0-301F-11D3-BF4B-00C04F79EFBC}") = "OneLogin.Authentication", "OneLogin.Authentication\OneLogin.Authentication.csproj", "{19DB1BA3-4B74-4B23-810E-40D06F1B2A3F}"
EndProject
Project("{FAE04EC0-301F-11D3-BF4B-00C04F79EFBC}") = "OneLogin.Poc", "OneLogin.Poc\OneLogin.Poc.csproj", "{757199A7-55C2-47BB-A262-FC0B43116A5D}"
EndProject
Project("{FAE04EC0-301F-11D3-BF4B-00C04F79EFBC}") = "OneLogin.KeyGenerator", "OneLogin.KeyGenerator\OneLogin.KeyGenerator.csproj", "{13138305-6BBB-128E-C7A8-A9446A55E5D1}"
EndProject
Global
	GlobalSection(SolutionConfigurationPlatforms) = preSolution
		Debug|Any CPU = Debug|Any CPU
		Debug|x64 = Debug|x64
		Debug|x86 = Debug|x86
		Release|Any CPU = Release|Any CPU
		Release|x64 = Release|x64
		Release|x86 = Release|x86
	EndGlobalSection
	GlobalSection(ProjectConfigurationPlatforms) = postSolution
		{A8E6FC93-3CAE-4FF7-932B-D2DE23328AD2}.Debug|Any CPU.ActiveCfg = Debug|Any CPU
		{A8E6FC93-3CAE-4FF7-932B-D2DE23328AD2}.Debug|Any CPU.Build.0 = Debug|Any CPU
		{A8E6FC93-3CAE-4FF7-932B-D2DE23328AD2}.Debug|x64.ActiveCfg = Debug|Any CPU
		{A8E6FC93-3CAE-4FF7-932B-D2DE23328AD2}.Debug|x64.Build.0 = Debug|Any CPU
		{A8E6FC93-3CAE-4FF7-932B-D2DE23328AD2}.Debug|x86.ActiveCfg = Debug|Any CPU
		{A8E6FC93-3CAE-4FF7-932B-D2DE23328AD2}.Debug|x86.Build.0 = Debug|Any CPU
		{A8E6FC93-3CAE-4FF7-932B-D2DE23328AD2}.Release|Any CPU.ActiveCfg = Release|Any CPU
		{A8E6FC93-3CAE-4FF7-932B-D2DE23328AD2}.Release|Any CPU.Build.0 = Release|Any CPU
		{A8E6FC93-3CAE-4FF7-932B-D2DE23328AD2}.Release|x64.ActiveCfg = Release|Any CPU
		{A8E6FC93-3CAE-4FF7-932B-D2DE23328AD2}.Release|x64.Build.0 = Release|Any CPU
		{A8E6FC93-3CAE-4FF7-932B-D2DE23328AD2}.Release|x86.ActiveCfg = Release|Any CPU
		{A8E6FC93-3CAE-4FF7-932B-D2DE23328AD2}.Release|x86.Build.0 = Release|Any CPU
		{067C6ABA-7DD4-41E1-8BBB-60C868A8C6E6}.Debug|Any CPU.ActiveCfg = Debug|Any CPU
		{067C6ABA-7DD4-41E1-8BBB-60C868A8C6E6}.Debug|Any CPU.Build.0 = Debug|Any CPU
		{067C6ABA-7DD4-41E1-8BBB-60C868A8C6E6}.Debug|x64.ActiveCfg = Debug|Any CPU
		{067C6ABA-7DD4-41E1-8BBB-60C868A8C6E6}.Debug|x64.Build.0 = Debug|Any CPU
		{067C6ABA-7DD4-41E1-8BBB-60C868A8C6E6}.Debug|x86.ActiveCfg = Debug|Any CPU
		{067C6ABA-7DD4-41E1-8BBB-60C868A8C6E6}.Debug|x86.Build.0 = Debug|Any CPU
		{067C6ABA-7DD4-41E1-8BBB-60C868A8C6E6}.Release|Any CPU.ActiveCfg = Release|Any CPU
		{067C6ABA-7DD4-41E1-8BBB-60C868A8C6E6}.Release|Any CPU.Build.0 = Release|Any CPU
		{067C6ABA-7DD4-41E1-8BBB-60C868A8C6E6}.Release|x64.ActiveCfg = Release|Any CPU
		{067C6ABA-7DD4-41E1-8BBB-60C868A8C6E6}.Release|x64.Build.0 = Release|Any CPU
		{067C6ABA-7DD4-41E1-8BBB-60C868A8C6E6}.Release|x86.ActiveCfg = Release|Any CPU
		{067C6ABA-7DD4-41E1-8BBB-60C868A8C6E6}.Release|x86.Build.0 = Release|Any CPU
		{B29487D3-DB5D-4561-8135-247D6B75B36D}.Debug|Any CPU.ActiveCfg = Debug|Any CPU
		{B29487D3-DB5D-4561-8135-247D6B75B36D}.Debug|Any CPU.Build.0 = Debug|Any CPU
		{B29487D3-DB5D-4561-8135-247D6B75B36D}.Debug|x64.ActiveCfg = Debug|Any CPU
		{B29487D3-DB5D-4561-8135-247D6B75B36D}.Debug|x64.Build.0 = Debug|Any CPU
		{B29487D3-DB5D-4561-8135-247D6B75B36D}.Debug|x86.ActiveCfg = Debug|Any CPU
		{B29487D3-DB5D-4561-8135-247D6B75B36D}.Debug|x86.Build.0 = Debug|Any CPU
		{B29487D3-DB5D-4561-8135-247D6B75B36D}.Release|Any CPU.ActiveCfg = Release|Any CPU
		{B29487D3-DB5D-4561-8135-247D6B75B36D}.Release|Any CPU.Build.0 = Release|Any CPU
		{B29487D3-DB5D-4561-8135-247D6B75B36D}.Release|x64.ActiveCfg = Release|Any CPU
		{B29487D3-DB5D-4561-8135-247D6B75B36D}.Release|x64.Build.0 = Release|Any CPU
		{B29487D3-DB5D-4561-8135-247D6B75B36D}.Release|x86.ActiveCfg = Release|Any CPU
		{B29487D3-DB5D-4561-8135-247D6B75B36D}.Release|x86.Build.0 = Release|Any CPU
		{3319CBCA-E38A-43D1-9E7E-ADE2AE6483AC}.Debug|Any CPU.ActiveCfg = Debug|Any CPU
		{3319CBCA-E38A-43D1-9E7E-ADE2AE6483AC}.Debug|Any CPU.Build.0 = Debug|Any CPU
		{3319CBCA-E38A-43D1-9E7E-ADE2AE6483AC}.Debug|x64.ActiveCfg = Debug|Any CPU
		{3319CBCA-E38A-43D1-9E7E-ADE2AE6483AC}.Debug|x64.Build.0 = Debug|Any CPU
		{3319CBCA-E38A-43D1-9E7E-ADE2AE6483AC}.Debug|x86.ActiveCfg = Debug|Any CPU
		{3319CBCA-E38A-43D1-9E7E-ADE2AE6483AC}.Debug|x86.Build.0 = Debug|Any CPU
		{3319CBCA-E38A-43D1-9E7E-ADE2AE6483AC}.Release|Any CPU.ActiveCfg = Release|Any CPU
		{3319CBCA-E38A-43D1-9E7E-ADE2AE6483AC}.Release|Any CPU.Build.0 = Release|Any CPU
		{3319CBCA-E38A-43D1-9E7E-ADE2AE6483AC}.Release|x64.ActiveCfg = Release|Any CPU
		{3319CBCA-E38A-43D1-9E7E-ADE2AE6483AC}.Release|x64.Build.0 = Release|Any CPU
		{3319CBCA-E38A-43D1-9E7E-ADE2AE6483AC}.Release|x86.ActiveCfg = Release|Any CPU
		{3319CBCA-E38A-43D1-9E7E-ADE2AE6483AC}.Release|x86.Build.0 = Release|Any CPU
		{ABDD8283-1B81-4D5C-898E-59E338976411}.Debug|Any CPU.ActiveCfg = Debug|Any CPU
		{ABDD8283-1B81-4D5C-898E-59E338976411}.Debug|Any CPU.Build.0 = Debug|Any CPU
		{ABDD8283-1B81-4D5C-898E-59E338976411}.Debug|x64.ActiveCfg = Debug|Any CPU
		{ABDD8283-1B81-4D5C-898E-59E338976411}.Debug|x64.Build.0 = Debug|Any CPU
		{ABDD8283-1B81-4D5C-898E-59E338976411}.Debug|x86.ActiveCfg = Debug|Any CPU
		{ABDD8283-1B81-4D5C-898E-59E338976411}.Debug|x86.Build.0 = Debug|Any CPU
		{ABDD8283-1B81-4D5C-898E-59E338976411}.Release|Any CPU.ActiveCfg = Release|Any CPU
		{ABDD8283-1B81-4D5C-898E-59E338976411}.Release|Any CPU.Build.0 = Release|Any CPU
		{ABDD8283-1B81-4D5C-898E-59E338976411}.Release|x64.ActiveCfg = Release|Any CPU
		{ABDD8283-1B81-4D5C-898E-59E338976411}.Release|x64.Build.0 = Release|Any CPU
		{ABDD8283-1B81-4D5C-898E-59E338976411}.Release|x86.ActiveCfg = Release|Any CPU
		{ABDD8283-1B81-4D5C-898E-59E338976411}.Release|x86.Build.0 = Release|Any CPU
		{19DB1BA3-4B74-4B23-810E-40D06F1B2A3F}.Debug|Any CPU.ActiveCfg = Debug|Any CPU
		{19DB1BA3-4B74-4B23-810E-40D06F1B2A3F}.Debug|Any CPU.Build.0 = Debug|Any CPU
		{19DB1BA3-4B74-4B23-810E-40D06F1B2A3F}.Debug|x64.ActiveCfg = Debug|Any CPU
		{19DB1BA3-4B74-4B23-810E-40D06F1B2A3F}.Debug|x64.Build.0 = Debug|Any CPU
		{19DB1BA3-4B74-4B23-810E-40D06F1B2A3F}.Debug|x86.ActiveCfg = Debug|Any CPU
		{19DB1BA3-4B74-4B23-810E-40D06F1B2A3F}.Debug|x86.Build.0 = Debug|Any CPU
		{19DB1BA3-4B74-4B23-810E-40D06F1B2A3F}.Release|Any CPU.ActiveCfg = Release|Any CPU
		{19DB1BA3-4B74-4B23-810E-40D06F1B2A3F}.Release|Any CPU.Build.0 = Release|Any CPU
		{19DB1BA3-4B74-4B23-810E-40D06F1B2A3F}.Release|x64.ActiveCfg = Release|Any CPU
		{19DB1BA3-4B74-4B23-810E-40D06F1B2A3F}.Release|x64.Build.0 = Release|Any CPU
		{19DB1BA3-4B74-4B23-810E-40D06F1B2A3F}.Release|x86.ActiveCfg = Release|Any CPU
		{19DB1BA3-4B74-4B23-810E-40D06F1B2A3F}.Release|x86.Build.0 = Release|Any CPU
		{757199A7-55C2-47BB-A262-FC0B43116A5D}.Debug|Any CPU.ActiveCfg = Debug|Any CPU
		{757199A7-55C2-47BB-A262-FC0B43116A5D}.Debug|Any CPU.Build.0 = Debug|Any CPU
		{757199A7-55C2-47BB-A262-FC0B43116A5D}.Debug|x64.ActiveCfg = Debug|Any CPU
		{757199A7-55C2-47BB-A262-FC0B43116A5D}.Debug|x64.Build.0 = Debug|Any CPU
		{757199A7-55C2-47BB-A262-FC0B43116A5D}.Debug|x86.ActiveCfg = Debug|Any CPU
		{757199A7-55C2-47BB-A262-FC0B43116A5D}.Debug|x86.Build.0 = Debug|Any CPU
		{757199A7-55C2-47BB-A262-FC0B43116A5D}.Release|Any CPU.ActiveCfg = Release|Any CPU
		{757199A7-55C2-47BB-A262-FC0B43116A5D}.Release|Any CPU.Build.0 = Release|Any CPU
		{757199A7-55C2-47BB-A262-FC0B43116A5D}.Release|x64.ActiveCfg = Release|Any CPU
		{757199A7-55C2-47BB-A262-FC0B43116A5D}.Release|x64.Build.0 = Release|Any CPU
		{757199A7-55C2-47BB-A262-FC0B43116A5D}.Release|x86.ActiveCfg = Release|Any CPU
		{757199A7-55C2-47BB-A262-FC0B43116A5D}.Release|x86.Build.0 = Release|Any CPU
		{13138305-6BBB-128E-C7A8-A9446A55E5D1}.Debug|Any CPU.ActiveCfg = Debug|Any CPU
		{13138305-6BBB-128E-C7A8-A9446A55E5D1}.Debug|Any CPU.Build.0 = Debug|Any CPU
		{13138305-6BBB-128E-C7A8-A9446A55E5D1}.Debug|x64.ActiveCfg = Debug|Any CPU
		{13138305-6BBB-128E-C7A8-A9446A55E5D1}.Debug|x64.Build.0 = Debug|Any CPU
		{13138305-6BBB-128E-C7A8-A9446A55E5D1}.Debug|x86.ActiveCfg = Debug|Any CPU
		{13138305-6BBB-128E-C7A8-A9446A55E5D1}.Debug|x86.Build.0 = Debug|Any CPU
		{13138305-6BBB-128E-C7A8-A9446A55E5D1}.Release|Any CPU.ActiveCfg = Release|Any CPU
		{13138305-6BBB-128E-C7A8-A9446A55E5D1}.Release|Any CPU.Build.0 = Release|Any CPU
		{13138305-6BBB-128E-C7A8-A9446A55E5D1}.Release|x64.ActiveCfg = Release|Any CPU
		{13138305-6BBB-128E-C7A8-A9446A55E5D1}.Release|x64.Build.0 = Release|Any CPU
		{13138305-6BBB-128E-C7A8-A9446A55E5D1}.Release|x86.ActiveCfg = Release|Any CPU
		{13138305-6BBB-128E-C7A8-A9446A55E5D1}.Release|x86.Build.0 = Release|Any CPU
	EndGlobalSection
	GlobalSection(SolutionProperties) = preSolution
		HideSolutionNode = FALSE
	EndGlobalSection
	GlobalSection(ExtensibilityGlobals) = postSolution
		SolutionGuid = {3DAFEA48-524F-4EC7-8C40-32681373776E}
	EndGlobalSection
EndGlobal
